// !$*UTF8*$!
{
	archiveVersion = 1;
	classes = {
	};
	objectVersion = 55;
	objects = {

/* Begin PBXBuildFile section */
		345CB2CF282153D600C7A89C /* RecipeItem.swift in Sources */ = {isa = PBXBuildFile; fileRef = 345CB2CE282153D600C7A89C /* RecipeItem.swift */; };
		345CB2D528215DD200C7A89C /* ImagePicker.swift in Sources */ = {isa = PBXBuildFile; fileRef = 345CB2D428215DD200C7A89C /* ImagePicker.swift */; };
		345CB2D928223A1E00C7A89C /* SearchBar.swift in Sources */ = {isa = PBXBuildFile; fileRef = 345CB2D828223A1E00C7A89C /* SearchBar.swift */; };
		346E1B80280EBA7900D6F91F /* CookScreenApp.swift in Sources */ = {isa = PBXBuildFile; fileRef = 346E1B7F280EBA7900D6F91F /* CookScreenApp.swift */; };
		346E1B82280EBA7900D6F91F /* ContentView.swift in Sources */ = {isa = PBXBuildFile; fileRef = 346E1B81280EBA7900D6F91F /* ContentView.swift */; };
		346E1B84280EBA8900D6F91F /* Assets.xcassets in Resources */ = {isa = PBXBuildFile; fileRef = 346E1B83280EBA8900D6F91F /* Assets.xcassets */; };
		346E1B87280EBA8900D6F91F /* Preview Assets.xcassets in Resources */ = {isa = PBXBuildFile; fileRef = 346E1B86280EBA8900D6F91F /* Preview Assets.xcassets */; };
		347B1E752819A6C2008E47AC /* RecipeDescView.swift in Sources */ = {isa = PBXBuildFile; fileRef = 347B1E742819A6C2008E47AC /* RecipeDescView.swift */; };
		347B1E792819AAA5008E47AC /* CategoryListView.swift in Sources */ = {isa = PBXBuildFile; fileRef = 347B1E782819AAA5008E47AC /* CategoryListView.swift */; };
		34E5716D2816B2BB00A2A27E /* RecipeListView.swift in Sources */ = {isa = PBXBuildFile; fileRef = 34E5716C2816B2BB00A2A27E /* RecipeListView.swift */; };
		34E5716F2816B2CB00A2A27E /* RecipeAddEditView.swift in Sources */ = {isa = PBXBuildFile; fileRef = 34E5716E2816B2CB00A2A27E /* RecipeAddEditView.swift */; };
		34E571752816D43100A2A27E /* SettingsView.swift in Sources */ = {isa = PBXBuildFile; fileRef = 34E571742816D43000A2A27E /* SettingsView.swift */; };
		34E571822816DB0A00A2A27E /* DataController.swift in Sources */ = {isa = PBXBuildFile; fileRef = 34E571812816DB0A00A2A27E /* DataController.swift */; };
		34E571852816DCEB00A2A27E /* CookScreenM.xcdatamodeld in Sources */ = {isa = PBXBuildFile; fileRef = 34E571832816DCEB00A2A27E /* CookScreenM.xcdatamodeld */; };
		34FE612D281AAA76000BBEF3 /* CategoryRowView.swift in Sources */ = {isa = PBXBuildFile; fileRef = 34FE612C281AAA76000BBEF3 /* CategoryRowView.swift */; };
		34FE615A281ACC00000BBEF3 /* CategoryItem.swift in Sources */ = {isa = PBXBuildFile; fileRef = 34FE6159281ACC00000BBEF3 /* CategoryItem.swift */; };
		3A3A79412844D40C002FB1EA /* RecipeRowView.swift in Sources */ = {isa = PBXBuildFile; fileRef = 3A3A79402844D40C002FB1EA /* RecipeRowView.swift */; };
		3A3A79442844F863002FB1EA /* ShoppingListView.swift in Sources */ = {isa = PBXBuildFile; fileRef = 3A3A79432844F863002FB1EA /* ShoppingListView.swift */; };
		3A3A79462844F938002FB1EA /* ShoppingItem.swift in Sources */ = {isa = PBXBuildFile; fileRef = 3A3A79452844F938002FB1EA /* ShoppingItem.swift */; };
		3A3A79482844F9CA002FB1EA /* ShoppingRowView.swift in Sources */ = {isa = PBXBuildFile; fileRef = 3A3A79472844F9CA002FB1EA /* ShoppingRowView.swift */; };
		3A3A794C284D0B0D002FB1EA /* AboutMeView.swift in Sources */ = {isa = PBXBuildFile; fileRef = 3A3A794B284D0B0C002FB1EA /* AboutMeView.swift */; };
		3A3A794E284F4530002FB1EA /* Color.swift in Sources */ = {isa = PBXBuildFile; fileRef = 3A3A794D284F452F002FB1EA /* Color.swift */; };
/* End PBXBuildFile section */

/* Begin PBXFileReference section */
		345CB2CE282153D600C7A89C /* RecipeItem.swift */ = {isa = PBXFileReference; lastKnownFileType = sourcecode.swift; path = RecipeItem.swift; sourceTree = "<group>"; };
		345CB2D428215DD200C7A89C /* ImagePicker.swift */ = {isa = PBXFileReference; lastKnownFileType = sourcecode.swift; path = ImagePicker.swift; sourceTree = "<group>"; };
		345CB2D828223A1E00C7A89C /* SearchBar.swift */ = {isa = PBXFileReference; lastKnownFileType = sourcecode.swift; path = SearchBar.swift; sourceTree = "<group>"; };
		346E1B7C280EBA7900D6F91F /* CookScreen.app */ = {isa = PBXFileReference; explicitFileType = wrapper.application; includeInIndex = 0; path = CookScreen.app; sourceTree = BUILT_PRODUCTS_DIR; };
		346E1B7F280EBA7900D6F91F /* CookScreenApp.swift */ = {isa = PBXFileReference; lastKnownFileType = sourcecode.swift; path = CookScreenApp.swift; sourceTree = "<group>"; };
		346E1B81280EBA7900D6F91F /* ContentView.swift */ = {isa = PBXFileReference; lastKnownFileType = sourcecode.swift; path = ContentView.swift; sourceTree = "<group>"; };
		346E1B83280EBA8900D6F91F /* Assets.xcassets */ = {isa = PBXFileReference; lastKnownFileType = folder.assetcatalog; path = Assets.xcassets; sourceTree = "<group>"; };
		346E1B86280EBA8900D6F91F /* Preview Assets.xcassets */ = {isa = PBXFileReference; lastKnownFileType = folder.assetcatalog; path = "Preview Assets.xcassets"; sourceTree = "<group>"; };
		347B1E742819A6C2008E47AC /* RecipeDescView.swift */ = {isa = PBXFileReference; lastKnownFileType = sourcecode.swift; path = RecipeDescView.swift; sourceTree = "<group>"; };
		347B1E782819AAA5008E47AC /* CategoryListView.swift */ = {isa = PBXFileReference; lastKnownFileType = sourcecode.swift; path = CategoryListView.swift; sourceTree = "<group>"; };
		34E5716C2816B2BB00A2A27E /* RecipeListView.swift */ = {isa = PBXFileReference; lastKnownFileType = sourcecode.swift; path = RecipeListView.swift; sourceTree = "<group>"; };
		34E5716E2816B2CB00A2A27E /* RecipeAddEditView.swift */ = {isa = PBXFileReference; lastKnownFileType = sourcecode.swift; path = RecipeAddEditView.swift; sourceTree = "<group>"; };
		34E571742816D43000A2A27E /* SettingsView.swift */ = {isa = PBXFileReference; lastKnownFileType = sourcecode.swift; path = SettingsView.swift; sourceTree = "<group>"; };
		34E571812816DB0A00A2A27E /* DataController.swift */ = {isa = PBXFileReference; lastKnownFileType = sourcecode.swift; path = DataController.swift; sourceTree = "<group>"; };
		34E571842816DCEB00A2A27E /* CookScreenModel.xcdatamodel */ = {isa = PBXFileReference; lastKnownFileType = wrapper.xcdatamodel; path = CookScreenModel.xcdatamodel; sourceTree = "<group>"; };
		34FE612C281AAA76000BBEF3 /* CategoryRowView.swift */ = {isa = PBXFileReference; lastKnownFileType = sourcecode.swift; path = CategoryRowView.swift; sourceTree = "<group>"; };
		34FE6159281ACC00000BBEF3 /* CategoryItem.swift */ = {isa = PBXFileReference; fileEncoding = 4; lastKnownFileType = sourcecode.swift; path = CategoryItem.swift; sourceTree = "<group>"; };
		3A3A79402844D40C002FB1EA /* RecipeRowView.swift */ = {isa = PBXFileReference; lastKnownFileType = sourcecode.swift; path = RecipeRowView.swift; sourceTree = "<group>"; };
		3A3A79432844F863002FB1EA /* ShoppingListView.swift */ = {isa = PBXFileReference; lastKnownFileType = sourcecode.swift; path = ShoppingListView.swift; sourceTree = "<group>"; };
		3A3A79452844F938002FB1EA /* ShoppingItem.swift */ = {isa = PBXFileReference; lastKnownFileType = sourcecode.swift; path = ShoppingItem.swift; sourceTree = "<group>"; };
		3A3A79472844F9CA002FB1EA /* ShoppingRowView.swift */ = {isa = PBXFileReference; lastKnownFileType = sourcecode.swift; path = ShoppingRowView.swift; sourceTree = "<group>"; };
		3A3A794B284D0B0C002FB1EA /* AboutMeView.swift */ = {isa = PBXFileReference; lastKnownFileType = sourcecode.swift; path = AboutMeView.swift; sourceTree = "<group>"; };
		3A3A794D284F452F002FB1EA /* Color.swift */ = {isa = PBXFileReference; lastKnownFileType = sourcecode.swift; path = Color.swift; sourceTree = "<group>"; };
/* End PBXFileReference section */

/* Begin PBXFrameworksBuildPhase section */
		346E1B79280EBA7900D6F91F /* Frameworks */ = {
			isa = PBXFrameworksBuildPhase;
			buildActionMask = 2147483647;
			files = (
			);
			runOnlyForDeploymentPostprocessing = 0;
		};
/* End PBXFrameworksBuildPhase section */

/* Begin PBXGroup section */
		346E1B73280EBA7800D6F91F = {
			isa = PBXGroup;
			children = (
				346E1B7E280EBA7900D6F91F /* CookScreen */,
				346E1B7D280EBA7900D6F91F /* Products */,
			);
			sourceTree = "<group>";
		};
		346E1B7D280EBA7900D6F91F /* Products */ = {
			isa = PBXGroup;
			children = (
				346E1B7C280EBA7900D6F91F /* CookScreen.app */,
			);
			name = Products;
			sourceTree = "<group>";
		};
		346E1B7E280EBA7900D6F91F /* CookScreen */ = {
			isa = PBXGroup;
			children = (
				346E1B7F280EBA7900D6F91F /* CookScreenApp.swift */,
				34E571662816B15500A2A27E /* Views */,
				346E1B83280EBA8900D6F91F /* Assets.xcassets */,
				346E1B85280EBA8900D6F91F /* Preview Content */,
				34E571812816DB0A00A2A27E /* DataController.swift */,
				34E5717D2816DA6900A2A27E /* Models */,
			);
			path = CookScreen;
			sourceTree = "<group>";
		};
		346E1B85280EBA8900D6F91F /* Preview Content */ = {
			isa = PBXGroup;
			children = (
				346E1B86280EBA8900D6F91F /* Preview Assets.xcassets */,
			);
			path = "Preview Content";
			sourceTree = "<group>";
		};
		347B1E63281990BD008E47AC /* Functions */ = {
			isa = PBXGroup;
			children = (
				34FE6159281ACC00000BBEF3 /* CategoryItem.swift */,
				345CB2CE282153D600C7A89C /* RecipeItem.swift */,
				3A3A79452844F938002FB1EA /* ShoppingItem.swift */,
				345CB2D428215DD200C7A89C /* ImagePicker.swift */,
				345CB2D828223A1E00C7A89C /* SearchBar.swift */,
				3A3A794D284F452F002FB1EA /* Color.swift */,
			);
			path = Functions;
			sourceTree = "<group>";
		};
		34E571662816B15500A2A27E /* Views */ = {
			isa = PBXGroup;
			children = (
				347B1E63281990BD008E47AC /* Functions */,
				34E571672816B19C00A2A27E /* Main */,
				34E571682816B1BB00A2A27E /* Components */,
			);
			path = Views;
			sourceTree = "<group>";
		};
		34E571672816B19C00A2A27E /* Main */ = {
			isa = PBXGroup;
			children = (
				346E1B81280EBA7900D6F91F /* ContentView.swift */,
				34E5716C2816B2BB00A2A27E /* RecipeListView.swift */,
				347B1E742819A6C2008E47AC /* RecipeDescView.swift */,
				34E5716E2816B2CB00A2A27E /* RecipeAddEditView.swift */,
				3A3A79432844F863002FB1EA /* ShoppingListView.swift */,
				347B1E782819AAA5008E47AC /* CategoryListView.swift */,
				34E571742816D43000A2A27E /* SettingsView.swift */,
				3A3A794B284D0B0C002FB1EA /* AboutMeView.swift */,
			);
			path = Main;
			sourceTree = "<group>";
		};
		34E571682816B1BB00A2A27E /* Components */ = {
			isa = PBXGroup;
			children = (
				34FE612C281AAA76000BBEF3 /* CategoryRowView.swift */,
				3A3A79402844D40C002FB1EA /* RecipeRowView.swift */,
				3A3A79472844F9CA002FB1EA /* ShoppingRowView.swift */,
			);
			path = Components;
			sourceTree = "<group>";
		};
		34E5717D2816DA6900A2A27E /* Models */ = {
			isa = PBXGroup;
			children = (
				34E571832816DCEB00A2A27E /* CookScreenM.xcdatamodeld */,
			);
			path = Models;
			sourceTree = "<group>";
		};
/* End PBXGroup section */

/* Begin PBXNativeTarget section */
		346E1B7B280EBA7900D6F91F /* CookScreen */ = {
			isa = PBXNativeTarget;
			buildConfigurationList = 346E1B8A280EBA8900D6F91F /* Build configuration list for PBXNativeTarget "CookScreen" */;
			buildPhases = (
				346E1B78280EBA7900D6F91F /* Sources */,
				346E1B79280EBA7900D6F91F /* Frameworks */,
				346E1B7A280EBA7900D6F91F /* Resources */,
			);
			buildRules = (
			);
			dependencies = (
			);
			name = CookScreen;
			productName = CookScreen;
			productReference = 346E1B7C280EBA7900D6F91F /* CookScreen.app */;
			productType = "com.apple.product-type.application";
		};
/* End PBXNativeTarget section */

/* Begin PBXProject section */
		346E1B74280EBA7800D6F91F /* Project object */ = {
			isa = PBXProject;
			attributes = {
				BuildIndependentTargetsInParallel = 1;
				LastSwiftUpdateCheck = 1320;
				LastUpgradeCheck = 1320;
				TargetAttributes = {
					346E1B7B280EBA7900D6F91F = {
						CreatedOnToolsVersion = 13.2.1;
					};
				};
			};
			buildConfigurationList = 346E1B77280EBA7900D6F91F /* Build configuration list for PBXProject "CookScreen" */;
			compatibilityVersion = "Xcode 13.0";
			developmentRegion = en;
			hasScannedForEncodings = 0;
			knownRegions = (
				en,
				Base,
			);
			mainGroup = 346E1B73280EBA7800D6F91F;
			productRefGroup = 346E1B7D280EBA7900D6F91F /* Products */;
			projectDirPath = "";
			projectRoot = "";
			targets = (
				346E1B7B280EBA7900D6F91F /* CookScreen */,
			);
		};
/* End PBXProject section */

/* Begin PBXResourcesBuildPhase section */
		346E1B7A280EBA7900D6F91F /* Resources */ = {
			isa = PBXResourcesBuildPhase;
			buildActionMask = 2147483647;
			files = (
				346E1B87280EBA8900D6F91F /* Preview Assets.xcassets in Resources */,
				346E1B84280EBA8900D6F91F /* Assets.xcassets in Resources */,
			);
			runOnlyForDeploymentPostprocessing = 0;
		};
/* End PBXResourcesBuildPhase section */

/* Begin PBXSourcesBuildPhase section */
		346E1B78280EBA7900D6F91F /* Sources */ = {
			isa = PBXSourcesBuildPhase;
			buildActionMask = 2147483647;
			files = (
				3A3A79462844F938002FB1EA /* ShoppingItem.swift in Sources */,
				3A3A794C284D0B0D002FB1EA /* AboutMeView.swift in Sources */,
				3A3A79442844F863002FB1EA /* ShoppingListView.swift in Sources */,
				3A3A79412844D40C002FB1EA /* RecipeRowView.swift in Sources */,
				345CB2CF282153D600C7A89C /* RecipeItem.swift in Sources */,
				34E5716D2816B2BB00A2A27E /* RecipeListView.swift in Sources */,
				345CB2D928223A1E00C7A89C /* SearchBar.swift in Sources */,
				34E571852816DCEB00A2A27E /* CookScreenM.xcdatamodeld in Sources */,
				345CB2D528215DD200C7A89C /* ImagePicker.swift in Sources */,
				347B1E752819A6C2008E47AC /* RecipeDescView.swift in Sources */,
				346E1B82280EBA7900D6F91F /* ContentView.swift in Sources */,
				34FE612D281AAA76000BBEF3 /* CategoryRowView.swift in Sources */,
				3A3A79482844F9CA002FB1EA /* ShoppingRowView.swift in Sources */,
				3A3A794E284F4530002FB1EA /* Color.swift in Sources */,
				347B1E792819AAA5008E47AC /* CategoryListView.swift in Sources */,
				34E571822816DB0A00A2A27E /* DataController.swift in Sources */,
				34E571752816D43100A2A27E /* SettingsView.swift in Sources */,
				34E5716F2816B2CB00A2A27E /* RecipeAddEditView.swift in Sources */,
				346E1B80280EBA7900D6F91F /* CookScreenApp.swift in Sources */,
				34FE615A281ACC00000BBEF3 /* CategoryItem.swift in Sources */,
			);
			runOnlyForDeploymentPostprocessing = 0;
		};
/* End PBXSourcesBuildPhase section */

/* Begin XCBuildConfiguration section */
		346E1B88280EBA8900D6F91F /* Debug */ = {
			isa = XCBuildConfiguration;
			buildSettings = {
				ALWAYS_SEARCH_USER_PATHS = NO;
				CLANG_ANALYZER_NONNULL = YES;
				CLANG_ANALYZER_NUMBER_OBJECT_CONVERSION = YES_AGGRESSIVE;
				CLANG_CXX_LANGUAGE_STANDARD = "gnu++17";
				CLANG_CXX_LIBRARY = "libc++";
				CLANG_ENABLE_MODULES = YES;
				CLANG_ENABLE_OBJC_ARC = YES;
				CLANG_ENABLE_OBJC_WEAK = YES;
				CLANG_WARN_BLOCK_CAPTURE_AUTORELEASING = YES;
				CLANG_WARN_BOOL_CONVERSION = YES;
				CLANG_WARN_COMMA = YES;
				CLANG_WARN_CONSTANT_CONVERSION = YES;
				CLANG_WARN_DEPRECATED_OBJC_IMPLEMENTATIONS = YES;
				CLANG_WARN_DIRECT_OBJC_ISA_USAGE = YES_ERROR;
				CLANG_WARN_DOCUMENTATION_COMMENTS = YES;
				CLANG_WARN_EMPTY_BODY = YES;
				CLANG_WARN_ENUM_CONVERSION = YES;
				CLANG_WARN_INFINITE_RECURSION = YES;
				CLANG_WARN_INT_CONVERSION = YES;
				CLANG_WARN_NON_LITERAL_NULL_CONVERSION = YES;
				CLANG_WARN_OBJC_IMPLICIT_RETAIN_SELF = YES;
				CLANG_WARN_OBJC_LITERAL_CONVERSION = YES;
				CLANG_WARN_OBJC_ROOT_CLASS = YES_ERROR;
				CLANG_WARN_QUOTED_INCLUDE_IN_FRAMEWORK_HEADER = YES;
				CLANG_WARN_RANGE_LOOP_ANALYSIS = YES;
				CLANG_WARN_STRICT_PROTOTYPES = YES;
				CLANG_WARN_SUSPICIOUS_MOVE = YES;
				CLANG_WARN_UNGUARDED_AVAILABILITY = YES_AGGRESSIVE;
				CLANG_WARN_UNREACHABLE_CODE = YES;
				CLANG_WARN__DUPLICATE_METHOD_MATCH = YES;
				COPY_PHASE_STRIP = NO;
				DEBUG_INFORMATION_FORMAT = dwarf;
				ENABLE_STRICT_OBJC_MSGSEND = YES;
				ENABLE_TESTABILITY = YES;
				GCC_C_LANGUAGE_STANDARD = gnu11;
				GCC_DYNAMIC_NO_PIC = NO;
				GCC_NO_COMMON_BLOCKS = YES;
				GCC_OPTIMIZATION_LEVEL = 0;
				GCC_PREPROCESSOR_DEFINITIONS = (
					"DEBUG=1",
					"$(inherited)",
				);
				GCC_WARN_64_TO_32_BIT_CONVERSION = YES;
				GCC_WARN_ABOUT_RETURN_TYPE = YES_ERROR;
				GCC_WARN_UNDECLARED_SELECTOR = YES;
				GCC_WARN_UNINITIALIZED_AUTOS = YES_AGGRESSIVE;
				GCC_WARN_UNUSED_FUNCTION = YES;
				GCC_WARN_UNUSED_VARIABLE = YES;
				IPHONEOS_DEPLOYMENT_TARGET = 15.2;
				MTL_ENABLE_DEBUG_INFO = INCLUDE_SOURCE;
				MTL_FAST_MATH = YES;
				ONLY_ACTIVE_ARCH = YES;
				SDKROOT = iphoneos;
				SWIFT_ACTIVE_COMPILATION_CONDITIONS = DEBUG;
				SWIFT_OPTIMIZATION_LEVEL = "-Onone";
			};
			name = Debug;
		};
		346E1B89280EBA8900D6F91F /* Release */ = {
			isa = XCBuildConfiguration;
			buildSettings = {
				ALWAYS_SEARCH_USER_PATHS = NO;
				CLANG_ANALYZER_NONNULL = YES;
				CLANG_ANALYZER_NUMBER_OBJECT_CONVERSION = YES_AGGRESSIVE;
				CLANG_CXX_LANGUAGE_STANDARD = "gnu++17";
				CLANG_CXX_LIBRARY = "libc++";
				CLANG_ENABLE_MODULES = YES;
				CLANG_ENABLE_OBJC_ARC = YES;
				CLANG_ENABLE_OBJC_WEAK = YES;
				CLANG_WARN_BLOCK_CAPTURE_AUTORELEASING = YES;
				CLANG_WARN_BOOL_CONVERSION = YES;
				CLANG_WARN_COMMA = YES;
				CLANG_WARN_CONSTANT_CONVERSION = YES;
				CLANG_WARN_DEPRECATED_OBJC_IMPLEMENTATIONS = YES;
				CLANG_WARN_DIRECT_OBJC_ISA_USAGE = YES_ERROR;
				CLANG_WARN_DOCUMENTATION_COMMENTS = YES;
				CLANG_WARN_EMPTY_BODY = YES;
				CLANG_WARN_ENUM_CONVERSION = YES;
				CLANG_WARN_INFINITE_RECURSION = YES;
				CLANG_WARN_INT_CONVERSION = YES;
				CLANG_WARN_NON_LITERAL_NULL_CONVERSION = YES;
				CLANG_WARN_OBJC_IMPLICIT_RETAIN_SELF = YES;
				CLANG_WARN_OBJC_LITERAL_CONVERSION = YES;
				CLANG_WARN_OBJC_ROOT_CLASS = YES_ERROR;
				CLANG_WARN_QUOTED_INCLUDE_IN_FRAMEWORK_HEADER = YES;
				CLANG_WARN_RANGE_LOOP_ANALYSIS = YES;
				CLANG_WARN_STRICT_PROTOTYPES = YES;
				CLANG_WARN_SUSPICIOUS_MOVE = YES;
				CLANG_WARN_UNGUARDED_AVAILABILITY = YES_AGGRESSIVE;
				CLANG_WARN_UNREACHABLE_CODE = YES;
				CLANG_WARN__DUPLICATE_METHOD_MATCH = YES;
				COPY_PHASE_STRIP = NO;
				DEBUG_INFORMATION_FORMAT = "dwarf-with-dsym";
				ENABLE_NS_ASSERTIONS = NO;
				ENABLE_STRICT_OBJC_MSGSEND = YES;
				GCC_C_LANGUAGE_STANDARD = gnu11;
				GCC_NO_COMMON_BLOCKS = YES;
				GCC_WARN_64_TO_32_BIT_CONVERSION = YES;
				GCC_WARN_ABOUT_RETURN_TYPE = YES_ERROR;
				GCC_WARN_UNDECLARED_SELECTOR = YES;
				GCC_WARN_UNINITIALIZED_AUTOS = YES_AGGRESSIVE;
				GCC_WARN_UNUSED_FUNCTION = YES;
				GCC_WARN_UNUSED_VARIABLE = YES;
				IPHONEOS_DEPLOYMENT_TARGET = 15.2;
				MTL_ENABLE_DEBUG_INFO = NO;
				MTL_FAST_MATH = YES;
				SDKROOT = iphoneos;
				SWIFT_COMPILATION_MODE = wholemodule;
				SWIFT_OPTIMIZATION_LEVEL = "-O";
				VALIDATE_PRODUCT = YES;
			};
			name = Release;
		};
		346E1B8B280EBA8900D6F91F /* Debug */ = {
			isa = XCBuildConfiguration;
			buildSettings = {
				ASSETCATALOG_COMPILER_APPICON_NAME = AppIcon;
				ASSETCATALOG_COMPILER_GLOBAL_ACCENT_COLOR_NAME = AccentColor;
				CODE_SIGN_STYLE = Automatic;
				CURRENT_PROJECT_VERSION = 1;
				DEVELOPMENT_ASSET_PATHS = "\"CookScreen/Preview Content\"";
				ENABLE_PREVIEWS = YES;
				GENERATE_INFOPLIST_FILE = YES;
				INFOPLIST_KEY_UIApplicationSceneManifest_Generation = YES;
				INFOPLIST_KEY_UIApplicationSupportsIndirectInputEvents = YES;
				INFOPLIST_KEY_UILaunchScreen_Generation = YES;
				INFOPLIST_KEY_UISupportedInterfaceOrientations_iPad = "UIInterfaceOrientationPortrait UIInterfaceOrientationPortraitUpsideDown UIInterfaceOrientationLandscapeLeft UIInterfaceOrientationLandscapeRight";
				INFOPLIST_KEY_UISupportedInterfaceOrientations_iPhone = "UIInterfaceOrientationPortrait UIInterfaceOrientationLandscapeLeft UIInterfaceOrientationLandscapeRight";
				LD_RUNPATH_SEARCH_PATHS = (
					"$(inherited)",
					"@executable_path/Frameworks",
				);
				MARKETING_VERSION = 1.0;
				PRODUCT_BUNDLE_IDENTIFIER = bluesnow.CookScreen;
				PRODUCT_NAME = "$(TARGET_NAME)";
				SWIFT_EMIT_LOC_STRINGS = YES;
				SWIFT_VERSION = 5.0;
				TARGETED_DEVICE_FAMILY = "1,2";
			};
			name = Debug;
		};
		346E1B8C280EBA8900D6F91F /* Release */ = {
			isa = XCBuildConfiguration;
			buildSettings = {
				ASSETCATALOG_COMPILER_APPICON_NAME = AppIcon;
				ASSETCATALOG_COMPILER_GLOBAL_ACCENT_COLOR_NAME = AccentColor;
				CODE_SIGN_STYLE = Automatic;
				CURRENT_PROJECT_VERSION = 1;
				DEVELOPMENT_ASSET_PATHS = "\"CookScreen/Preview Content\"";
				ENABLE_PREVIEWS = YES;
				GENERATE_INFOPLIST_FILE = YES;
				INFOPLIST_KEY_UIApplicationSceneManifest_Generation = YES;
				INFOPLIST_KEY_UIApplicationSupportsIndirectInputEvents = YES;
				INFOPLIST_KEY_UILaunchScreen_Generation = YES;
				INFOPLIST_KEY_UISupportedInterfaceOrientations_iPad = "UIInterfaceOrientationPortrait UIInterfaceOrientationPortraitUpsideDown UIInterfaceOrientationLandscapeLeft UIInterfaceOrientationLandscapeRight";
				INFOPLIST_KEY_UISupportedInterfaceOrientations_iPhone = "UIInterfaceOrientationPortrait UIInterfaceOrientationLandscapeLeft UIInterfaceOrientationLandscapeRight";
				LD_RUNPATH_SEARCH_PATHS = (
					"$(inherited)",
					"@executable_path/Frameworks",
				);
				MARKETING_VERSION = 1.0;
				PRODUCT_BUNDLE_IDENTIFIER = bluesnow.CookScreen;
				PRODUCT_NAME = "$(TARGET_NAME)";
				SWIFT_EMIT_LOC_STRINGS = YES;
				SWIFT_VERSION = 5.0;
				TARGETED_DEVICE_FAMILY = "1,2";
			};
			name = Release;
		};
/* End XCBuildConfiguration section */

/* Begin XCConfigurationList section */
		346E1B77280EBA7900D6F91F /* Build configuration list for PBXProject "CookScreen" */ = {
			isa = XCConfigurationList;
			buildConfigurations = (
				346E1B88280EBA8900D6F91F /* Debug */,
				346E1B89280EBA8900D6F91F /* Release */,
			);
			defaultConfigurationIsVisible = 0;
			defaultConfigurationName = Release;
		};
		346E1B8A280EBA8900D6F91F /* Build configuration list for PBXNativeTarget "CookScreen" */ = {
			isa = XCConfigurationList;
			buildConfigurations = (
				346E1B8B280EBA8900D6F91F /* Debug */,
				346E1B8C280EBA8900D6F91F /* Release */,
			);
			defaultConfigurationIsVisible = 0;
			defaultConfigurationName = Release;
		};
/* End XCConfigurationList section */

/* Begin XCVersionGroup section */
		34E571832816DCEB00A2A27E /* CookScreenM.xcdatamodeld */ = {
			isa = XCVersionGroup;
			children = (
				34E571842816DCEB00A2A27E /* CookScreenModel.xcdatamodel */,
			);
			currentVersion = 34E571842816DCEB00A2A27E /* CookScreenModel.xcdatamodel */;
			path = CookScreenM.xcdatamodeld;
			sourceTree = "<group>";
			versionGroupType = wrapper.xcdatamodel;
		};
/* End XCVersionGroup section */
	};
	rootObject = 346E1B74280EBA7800D6F91F /* Project object */;
}
